
Microsoft Visual Studio Solution File, Format Version 12.00
# Visual Studio Version 16
VisualStudioVersion = 16.0.29503.13
MinimumVisualStudioVersion = 10.0.40219.1
Project("{FAE04EC0-301F-11D3-BF4B-00C04F79EFBC}") = "LoadTestApi", "LoadTestApi.csproj", "{1F257C3A-B787-4F7F-8B53-307671B27062}"
EndProject
Global
	GlobalSection(SolutionConfigurationPlatforms) = preSolution
		Debug|Any CPU = Debug|Any CPU
		Release|Any CPU = Release|Any CPU
	EndGlobalSection
	GlobalSection(ProjectConfigurationPlatforms) = postSolution
		{1F257C3A-B787-4F7F-8B53-307671B27062}.Debug|Any CPU.ActiveCfg = Debug|Any CPU
		{1F257C3A-B787-4F7F-8B53-307671B27062}.Debug|Any CPU.Build.0 = Debug|Any CPU
		{1F257C3A-B787-4F7F-8B53-307671B27062}.Release|Any CPU.ActiveCfg = Release|Any CPU
		{1F257C3A-B787-4F7F-8B53-307671B27062}.Release|Any CPU.Build.0 = Release|Any CPU
	EndGlobalSection
	GlobalSection(SolutionProperties) = preSolution
		HideSolutionNode = FALSE
	EndGlobalSection
	GlobalSection(ExtensibilityGlobals) = postSolution
		SolutionGuid = {DD9D79CE-9986-42E6-8A41-219EC0339350}
	EndGlobalSection
EndGlobal
